
Microsoft Visual Studio Solution File, Format Version 12.00
# Visual Studio Version 17
VisualStudioVersion = 17.11.35327.3
MinimumVisualStudioVersion = 10.0.40219.1
Project("{9A19103F-16F7-4668-BE54-9A1E7A4F7556}") = "ex01", "ex01\ex01.csproj", "{0BE101DF-9316-44AD-B610-7548A7B12643}"
EndProject
Project("{9A19103F-16F7-4668-BE54-9A1E7A4F7556}") = "ex02", "ex02\ex02.csproj", "{621E6BC2-6D5B-49A5-89DC-670B03DF3D2D}"
EndProject
Project("{9A19103F-16F7-4668-BE54-9A1E7A4F7556}") = "ex03", "ex03\ex03.csproj", "{77359998-D5C9-4F62-AA68-9DBD5CCC374C}"
EndProject
Project("{FAE04EC0-301F-11D3-BF4B-00C04F79EFBC}") = "ex04", "ex04\ex04.csproj", "{EBA79523-86CE-46DB-9089-B0A100B71694}"
EndProject
Global
	GlobalSection(SolutionConfigurationPlatforms) = preSolution
		Debug|Any CPU = Debug|Any CPU
		Release|Any CPU = Release|Any CPU
	EndGlobalSection
	GlobalSection(ProjectConfigurationPlatforms) = postSolution
		{0BE101DF-9316-44AD-B610-7548A7B12643}.Debug|Any CPU.ActiveCfg = Debug|Any CPU
		{0BE101DF-9316-44AD-B610-7548A7B12643}.Debug|Any CPU.Build.0 = Debug|Any CPU
		{0BE101DF-9316-44AD-B610-7548A7B12643}.Release|Any CPU.ActiveCfg = Release|Any CPU
		{0BE101DF-9316-44AD-B610-7548A7B12643}.Release|Any CPU.Build.0 = Release|Any CPU
		{621E6BC2-6D5B-49A5-89DC-670B03DF3D2D}.Debug|Any CPU.ActiveCfg = Debug|Any CPU
		{621E6BC2-6D5B-49A5-89DC-670B03DF3D2D}.Debug|Any CPU.Build.0 = Debug|Any CPU
		{621E6BC2-6D5B-49A5-89DC-670B03DF3D2D}.Release|Any CPU.ActiveCfg = Release|Any CPU
		{621E6BC2-6D5B-49A5-89DC-670B03DF3D2D}.Release|Any CPU.Build.0 = Release|Any CPU
		{77359998-D5C9-4F62-AA68-9DBD5CCC374C}.Debug|Any CPU.ActiveCfg = Debug|Any CPU
		{77359998-D5C9-4F62-AA68-9DBD5CCC374C}.Debug|Any CPU.Build.0 = Debug|Any CPU
		{77359998-D5C9-4F62-AA68-9DBD5CCC374C}.Release|Any CPU.ActiveCfg = Release|Any CPU
		{77359998-D5C9-4F62-AA68-9DBD5CCC374C}.Release|Any CPU.Build.0 = Release|Any CPU
		{EBA79523-86CE-46DB-9089-B0A100B71694}.Debug|Any CPU.ActiveCfg = Debug|Any CPU
		{EBA79523-86CE-46DB-9089-B0A100B71694}.Debug|Any CPU.Build.0 = Debug|Any CPU
		{EBA79523-86CE-46DB-9089-B0A100B71694}.Release|Any CPU.ActiveCfg = Release|Any CPU
		{EBA79523-86CE-46DB-9089-B0A100B71694}.Release|Any CPU.Build.0 = Release|Any CPU
	EndGlobalSection
	GlobalSection(SolutionProperties) = preSolution
		HideSolutionNode = FALSE
	EndGlobalSection
	GlobalSection(ExtensibilityGlobals) = postSolution
		SolutionGuid = {8C05F5B2-2BAC-4F97-B300-B86FF2D0E02C}
	EndGlobalSection
EndGlobal
