
Microsoft Visual Studio Solution File, Format Version 12.00
# Visual Studio Version 17
VisualStudioVersion = 17.11.35327.3
MinimumVisualStudioVersion = 10.0.40219.1
Project("{9A19103F-16F7-4668-BE54-9A1E7A4F7556}") = "ex01", "ex01\ex01.csproj", "{0BE101DF-9316-44AD-B610-7548A7B12643}"
EndProject
Project("{9A19103F-16F7-4668-BE54-9A1E7A4F7556}") = "ex02", "ex02\ex02.csproj", "{621E6BC2-6D5B-49A5-89DC-670B03DF3D2D}"
EndProject
Project("{9A19103F-16F7-4668-BE54-9A1E7A4F7556}") = "ex03", "ex03\ex03.csproj", "{77359998-D5C9-4F62-AA68-9DBD5CCC374C}"
EndProject
Project("{9A19103F-16F7-4668-BE54-9A1E7A4F7556}") = "ex04", "ex04\ex04.csproj", "{EBA79523-86CE-46DB-9089-B0A100B71694}"
EndProject
Project("{9A19103F-16F7-4668-BE54-9A1E7A4F7556}") = "ex05", "ex05\ex05.csproj", "{6B31C5BE-705E-4476-86BF-A88447AA59C7}"
EndProject
Project("{9A19103F-16F7-4668-BE54-9A1E7A4F7556}") = "ex06", "ex06\ex06.csproj", "{9BDEBF0D-6C05-46F6-ABA0-BB3224D2695F}"
EndProject
Project("{9A19103F-16F7-4668-BE54-9A1E7A4F7556}") = "Ex07", "Ex-09\Ex07.csproj", "{6C0D3EDC-A130-45FB-8C4D-4B22FFA6AC8A}"
EndProject
Project("{9A19103F-16F7-4668-BE54-9A1E7A4F7556}") = "Ex08", "Ex10\Ex08.csproj", "{5134048F-60A9-45E5-8EEE-99D30B9F540C}"
EndProject
Project("{9A19103F-16F7-4668-BE54-9A1E7A4F7556}") = "Ex09", "Ex09\Ex09.csproj", "{E81541B8-048A-4A78-91EF-7CDC595640F3}"
EndProject
Project("{9A19103F-16F7-4668-BE54-9A1E7A4F7556}") = "Ex10", "Ex12\Ex10.csproj", "{49C94071-F6A0-4ECA-B295-690DA9475D13}"
EndProject
Project("{9A19103F-16F7-4668-BE54-9A1E7A4F7556}") = "Ex11", "Ex13\Ex11.csproj", "{12AA0D29-4F41-4CF2-BB5D-CB7C30CE936B}"
EndProject
Project("{9A19103F-16F7-4668-BE54-9A1E7A4F7556}") = "Ex14", "Ex14\Ex14.csproj", "{9DDED16A-72EF-4AB8-BDD4-7C616D04F1C4}"
EndProject
Project("{9A19103F-16F7-4668-BE54-9A1E7A4F7556}") = "Ex15", "Ex15\Ex15.csproj", "{61BD50F1-A8FE-4BBB-A958-6BB62D1A530B}"
EndProject
Project("{FAE04EC0-301F-11D3-BF4B-00C04F79EFBC}") = "Ex16", "Ex16\Ex16.csproj", "{A4ACFE6C-6DC4-4E0B-BF80-0ED5714D13D9}"
EndProject
Project("{FAE04EC0-301F-11D3-BF4B-00C04F79EFBC}") = "Ex17", "Ex17\Ex17.csproj", "{BDD45F83-BAD8-4A92-95D5-D2799B0EDE76}"
EndProject
Global
	GlobalSection(SolutionConfigurationPlatforms) = preSolution
		Debug|Any CPU = Debug|Any CPU
		Release|Any CPU = Release|Any CPU
	EndGlobalSection
	GlobalSection(ProjectConfigurationPlatforms) = postSolution
		{0BE101DF-9316-44AD-B610-7548A7B12643}.Debug|Any CPU.ActiveCfg = Debug|Any CPU
		{0BE101DF-9316-44AD-B610-7548A7B12643}.Debug|Any CPU.Build.0 = Debug|Any CPU
		{0BE101DF-9316-44AD-B610-7548A7B12643}.Release|Any CPU.ActiveCfg = Release|Any CPU
		{0BE101DF-9316-44AD-B610-7548A7B12643}.Release|Any CPU.Build.0 = Release|Any CPU
		{621E6BC2-6D5B-49A5-89DC-670B03DF3D2D}.Debug|Any CPU.ActiveCfg = Debug|Any CPU
		{621E6BC2-6D5B-49A5-89DC-670B03DF3D2D}.Debug|Any CPU.Build.0 = Debug|Any CPU
		{621E6BC2-6D5B-49A5-89DC-670B03DF3D2D}.Release|Any CPU.ActiveCfg = Release|Any CPU
		{621E6BC2-6D5B-49A5-89DC-670B03DF3D2D}.Release|Any CPU.Build.0 = Release|Any CPU
		{77359998-D5C9-4F62-AA68-9DBD5CCC374C}.Debug|Any CPU.ActiveCfg = Debug|Any CPU
		{77359998-D5C9-4F62-AA68-9DBD5CCC374C}.Debug|Any CPU.Build.0 = Debug|Any CPU
		{77359998-D5C9-4F62-AA68-9DBD5CCC374C}.Release|Any CPU.ActiveCfg = Release|Any CPU
		{77359998-D5C9-4F62-AA68-9DBD5CCC374C}.Release|Any CPU.Build.0 = Release|Any CPU
		{EBA79523-86CE-46DB-9089-B0A100B71694}.Debug|Any CPU.ActiveCfg = Debug|Any CPU
		{EBA79523-86CE-46DB-9089-B0A100B71694}.Debug|Any CPU.Build.0 = Debug|Any CPU
		{EBA79523-86CE-46DB-9089-B0A100B71694}.Release|Any CPU.ActiveCfg = Release|Any CPU
		{EBA79523-86CE-46DB-9089-B0A100B71694}.Release|Any CPU.Build.0 = Release|Any CPU
		{6B31C5BE-705E-4476-86BF-A88447AA59C7}.Debug|Any CPU.ActiveCfg = Debug|Any CPU
		{6B31C5BE-705E-4476-86BF-A88447AA59C7}.Debug|Any CPU.Build.0 = Debug|Any CPU
		{6B31C5BE-705E-4476-86BF-A88447AA59C7}.Release|Any CPU.ActiveCfg = Release|Any CPU
		{6B31C5BE-705E-4476-86BF-A88447AA59C7}.Release|Any CPU.Build.0 = Release|Any CPU
		{9BDEBF0D-6C05-46F6-ABA0-BB3224D2695F}.Debug|Any CPU.ActiveCfg = Debug|Any CPU
		{9BDEBF0D-6C05-46F6-ABA0-BB3224D2695F}.Debug|Any CPU.Build.0 = Debug|Any CPU
		{9BDEBF0D-6C05-46F6-ABA0-BB3224D2695F}.Release|Any CPU.ActiveCfg = Release|Any CPU
		{9BDEBF0D-6C05-46F6-ABA0-BB3224D2695F}.Release|Any CPU.Build.0 = Release|Any CPU
		{6C0D3EDC-A130-45FB-8C4D-4B22FFA6AC8A}.Debug|Any CPU.ActiveCfg = Debug|Any CPU
		{6C0D3EDC-A130-45FB-8C4D-4B22FFA6AC8A}.Debug|Any CPU.Build.0 = Debug|Any CPU
		{6C0D3EDC-A130-45FB-8C4D-4B22FFA6AC8A}.Release|Any CPU.ActiveCfg = Release|Any CPU
		{6C0D3EDC-A130-45FB-8C4D-4B22FFA6AC8A}.Release|Any CPU.Build.0 = Release|Any CPU
		{5134048F-60A9-45E5-8EEE-99D30B9F540C}.Debug|Any CPU.ActiveCfg = Debug|Any CPU
		{5134048F-60A9-45E5-8EEE-99D30B9F540C}.Debug|Any CPU.Build.0 = Debug|Any CPU
		{5134048F-60A9-45E5-8EEE-99D30B9F540C}.Release|Any CPU.ActiveCfg = Release|Any CPU
		{5134048F-60A9-45E5-8EEE-99D30B9F540C}.Release|Any CPU.Build.0 = Release|Any CPU
		{E81541B8-048A-4A78-91EF-7CDC595640F3}.Debug|Any CPU.ActiveCfg = Debug|Any CPU
		{E81541B8-048A-4A78-91EF-7CDC595640F3}.Debug|Any CPU.Build.0 = Debug|Any CPU
		{E81541B8-048A-4A78-91EF-7CDC595640F3}.Release|Any CPU.ActiveCfg = Release|Any CPU
		{E81541B8-048A-4A78-91EF-7CDC595640F3}.Release|Any CPU.Build.0 = Release|Any CPU
		{49C94071-F6A0-4ECA-B295-690DA9475D13}.Debug|Any CPU.ActiveCfg = Debug|Any CPU
		{49C94071-F6A0-4ECA-B295-690DA9475D13}.Debug|Any CPU.Build.0 = Debug|Any CPU
		{49C94071-F6A0-4ECA-B295-690DA9475D13}.Release|Any CPU.ActiveCfg = Release|Any CPU
		{49C94071-F6A0-4ECA-B295-690DA9475D13}.Release|Any CPU.Build.0 = Release|Any CPU
		{12AA0D29-4F41-4CF2-BB5D-CB7C30CE936B}.Debug|Any CPU.ActiveCfg = Debug|Any CPU
		{12AA0D29-4F41-4CF2-BB5D-CB7C30CE936B}.Debug|Any CPU.Build.0 = Debug|Any CPU
		{12AA0D29-4F41-4CF2-BB5D-CB7C30CE936B}.Release|Any CPU.ActiveCfg = Release|Any CPU
		{12AA0D29-4F41-4CF2-BB5D-CB7C30CE936B}.Release|Any CPU.Build.0 = Release|Any CPU
		{9DDED16A-72EF-4AB8-BDD4-7C616D04F1C4}.Debug|Any CPU.ActiveCfg = Debug|Any CPU
		{9DDED16A-72EF-4AB8-BDD4-7C616D04F1C4}.Debug|Any CPU.Build.0 = Debug|Any CPU
		{9DDED16A-72EF-4AB8-BDD4-7C616D04F1C4}.Release|Any CPU.ActiveCfg = Release|Any CPU
		{9DDED16A-72EF-4AB8-BDD4-7C616D04F1C4}.Release|Any CPU.Build.0 = Release|Any CPU
		{61BD50F1-A8FE-4BBB-A958-6BB62D1A530B}.Debug|Any CPU.ActiveCfg = Debug|Any CPU
		{61BD50F1-A8FE-4BBB-A958-6BB62D1A530B}.Debug|Any CPU.Build.0 = Debug|Any CPU
		{61BD50F1-A8FE-4BBB-A958-6BB62D1A530B}.Release|Any CPU.ActiveCfg = Release|Any CPU
		{61BD50F1-A8FE-4BBB-A958-6BB62D1A530B}.Release|Any CPU.Build.0 = Release|Any CPU
		{A4ACFE6C-6DC4-4E0B-BF80-0ED5714D13D9}.Debug|Any CPU.ActiveCfg = Debug|Any CPU
		{A4ACFE6C-6DC4-4E0B-BF80-0ED5714D13D9}.Debug|Any CPU.Build.0 = Debug|Any CPU
		{A4ACFE6C-6DC4-4E0B-BF80-0ED5714D13D9}.Release|Any CPU.ActiveCfg = Release|Any CPU
		{A4ACFE6C-6DC4-4E0B-BF80-0ED5714D13D9}.Release|Any CPU.Build.0 = Release|Any CPU
		{BDD45F83-BAD8-4A92-95D5-D2799B0EDE76}.Debug|Any CPU.ActiveCfg = Debug|Any CPU
		{BDD45F83-BAD8-4A92-95D5-D2799B0EDE76}.Debug|Any CPU.Build.0 = Debug|Any CPU
		{BDD45F83-BAD8-4A92-95D5-D2799B0EDE76}.Release|Any CPU.ActiveCfg = Release|Any CPU
		{BDD45F83-BAD8-4A92-95D5-D2799B0EDE76}.Release|Any CPU.Build.0 = Release|Any CPU
	EndGlobalSection
	GlobalSection(SolutionProperties) = preSolution
		HideSolutionNode = FALSE
	EndGlobalSection
	GlobalSection(ExtensibilityGlobals) = postSolution
		SolutionGuid = {8C05F5B2-2BAC-4F97-B300-B86FF2D0E02C}
	EndGlobalSection
EndGlobal
